// !$*UTF8*$!
{
	archiveVersion = 1;
	classes = {
	};
	objectVersion = 46;
	objects = {

/* Begin PBXBuildFile section */
		23065BF51A06BA67001BA0B0 /* Images.xcassets in Resources */ = {isa = PBXBuildFile; fileRef = 23065BF41A06BA67001BA0B0 /* Images.xcassets */; };
		2314CBA0198F4CEC00A126F6 /* 76.png in Resources */ = {isa = PBXBuildFile; fileRef = 2314CB9D198F4CEC00A126F6 /* 76.png */; };
		2314CBA1198F4CEC00A126F6 /* 120.png in Resources */ = {isa = PBXBuildFile; fileRef = 2314CB9E198F4CEC00A126F6 /* 120.png */; };
		2314CBA2198F4CEC00A126F6 /* 152.png in Resources */ = {isa = PBXBuildFile; fileRef = 2314CB9F198F4CEC00A126F6 /* 152.png */; };
		456285B2184D55D800B6168E /* Icon@2x.png in Resources */ = {isa = PBXBuildFile; fileRef = 456285B1184D55D800B6168E /* Icon@2x.png */; };
		4581EB80184845790048CAB0 /* Foundation.framework in Frameworks */ = {isa = PBXBuildFile; fileRef = 4581EB7F184845790048CAB0 /* Foundation.framework */; };
		4581EB82184845790048CAB0 /* CoreGraphics.framework in Frameworks */ = {isa = PBXBuildFile; fileRef = 4581EB81184845790048CAB0 /* CoreGraphics.framework */; };
		4581EB84184845790048CAB0 /* UIKit.framework in Frameworks */ = {isa = PBXBuildFile; fileRef = 4581EB83184845790048CAB0 /* UIKit.framework */; };
		4581EB8A1848457A0048CAB0 /* InfoPlist.strings in Resources */ = {isa = PBXBuildFile; fileRef = 4581EB881848457A0048CAB0 /* InfoPlist.strings */; };
		4581EB8C1848457A0048CAB0 /* main.m in Sources */ = {isa = PBXBuildFile; fileRef = 4581EB8B1848457A0048CAB0 /* main.m */; };
		4581EB901848457A0048CAB0 /* ZSSAppDelegate.m in Sources */ = {isa = PBXBuildFile; fileRef = 4581EB8F1848457A0048CAB0 /* ZSSAppDelegate.m */; };
		45E38AB618AC3AA70079C928 /* Default-568h@2x.png in Resources */ = {isa = PBXBuildFile; fileRef = 45E38AB518AC3AA70079C928 /* Default-568h@2x.png */; };
		7A4D21C41B0056A100B04D5C /* editor.html in Resources */ = {isa = PBXBuildFile; fileRef = 7A4D215D1B0056A100B04D5C /* editor.html */; };
		7A4D21C51B0056A100B04D5C /* ZSSRichTextEditor.js in Resources */ = {isa = PBXBuildFile; fileRef = 7A4D215E1B0056A100B04D5C /* ZSSRichTextEditor.js */; };
		7A4D220E1B0056A200B04D5C /* CYRLayoutManager.m in Sources */ = {isa = PBXBuildFile; fileRef = 7A4D21AA1B0056A100B04D5C /* CYRLayoutManager.m */; };
		7A4D220F1B0056A200B04D5C /* CYRTextStorage.m in Sources */ = {isa = PBXBuildFile; fileRef = 7A4D21AC1B0056A100B04D5C /* CYRTextStorage.m */; };
		7A4D22101B0056A200B04D5C /* CYRTextView.m in Sources */ = {isa = PBXBuildFile; fileRef = 7A4D21AE1B0056A100B04D5C /* CYRTextView.m */; };
		7A4D22111B0056A200B04D5C /* CYRToken.m in Sources */ = {isa = PBXBuildFile; fileRef = 7A4D21B01B0056A100B04D5C /* CYRToken.m */; };
		7A4D22121B0056A200B04D5C /* HRBrightnessCursor.m in Sources */ = {isa = PBXBuildFile; fileRef = 7A4D21B21B0056A100B04D5C /* HRBrightnessCursor.m */; };
		7A4D22131B0056A200B04D5C /* HRCgUtil.m in Sources */ = {isa = PBXBuildFile; fileRef = 7A4D21B41B0056A100B04D5C /* HRCgUtil.m */; };
		7A4D22141B0056A200B04D5C /* HRColorCursor.m in Sources */ = {isa = PBXBuildFile; fileRef = 7A4D21B61B0056A100B04D5C /* HRColorCursor.m */; };
		7A4D22151B0056A200B04D5C /* HRColorPickerView.m in Sources */ = {isa = PBXBuildFile; fileRef = 7A4D21B91B0056A100B04D5C /* HRColorPickerView.m */; };
		7A4D22161B0056A200B04D5C /* HRColorPickerViewController.m in Sources */ = {isa = PBXBuildFile; fileRef = 7A4D21BB1B0056A100B04D5C /* HRColorPickerViewController.m */; };
		7A4D22171B0056A200B04D5C /* HRColorUtil.m in Sources */ = {isa = PBXBuildFile; fileRef = 7A4D21BD1B0056A100B04D5C /* HRColorUtil.m */; };
		7A4D22181B0056A200B04D5C /* ZSSBarButtonItem.m in Sources */ = {isa = PBXBuildFile; fileRef = 7A4D21BF1B0056A100B04D5C /* ZSSBarButtonItem.m */; };
		7A4D22191B0056A200B04D5C /* ZSSRichTextEditor.m in Sources */ = {isa = PBXBuildFile; fileRef = 7A4D21C11B0056A100B04D5C /* ZSSRichTextEditor.m */; };
		7A4D221A1B0056A200B04D5C /* ZSSTextView.m in Sources */ = {isa = PBXBuildFile; fileRef = 7A4D21C31B0056A100B04D5C /* ZSSTextView.m */; };
		7A4D221D1B00572800B04D5C /* UIWebView+GUIFixes.m in Sources */ = {isa = PBXBuildFile; fileRef = 7A4D221C1B00572800B04D5C /* UIWebView+GUIFixes.m */; };
		7AAAD8661B007D9C00D7F5A0 /* CSEditorViewController.m in Sources */ = {isa = PBXBuildFile; fileRef = 7AAAD8651B007D9C00D7F5A0 /* CSEditorViewController.m */; };
		7AAAD8691B00881F00D7F5A0 /* CSEditorToobarHolder.m in Sources */ = {isa = PBXBuildFile; fileRef = 7AAAD8681B00881F00D7F5A0 /* CSEditorToobarHolder.m */; };
		7AAAD9441B009BA100D7F5A0 /* ZSSbgcolor.png in Resources */ = {isa = PBXBuildFile; fileRef = 7AAAD8FC1B009BA100D7F5A0 /* ZSSbgcolor.png */; };
		7AAAD9451B009BA100D7F5A0 /* ZSSbgcolor@2x.png in Resources */ = {isa = PBXBuildFile; fileRef = 7AAAD8FD1B009BA100D7F5A0 /* ZSSbgcolor@2x.png */; };
		7AAAD9461B009BA100D7F5A0 /* ZSSbold.png in Resources */ = {isa = PBXBuildFile; fileRef = 7AAAD8FE1B009BA100D7F5A0 /* ZSSbold.png */; };
		7AAAD9471B009BA100D7F5A0 /* ZSSbold@2x.png in Resources */ = {isa = PBXBuildFile; fileRef = 7AAAD8FF1B009BA100D7F5A0 /* ZSSbold@2x.png */; };
		7AAAD9481B009BA100D7F5A0 /* ZSScenterjustify.png in Resources */ = {isa = PBXBuildFile; fileRef = 7AAAD9001B009BA100D7F5A0 /* ZSScenterjustify.png */; };
		7AAAD9491B009BA100D7F5A0 /* ZSScenterjustify@2x.png in Resources */ = {isa = PBXBuildFile; fileRef = 7AAAD9011B009BA100D7F5A0 /* ZSScenterjustify@2x.png */; };
		7AAAD94A1B009BA100D7F5A0 /* ZSSclearstyle.png in Resources */ = {isa = PBXBuildFile; fileRef = 7AAAD9021B009BA100D7F5A0 /* ZSSclearstyle.png */; };
		7AAAD94B1B009BA100D7F5A0 /* ZSSclearstyle@2x.png in Resources */ = {isa = PBXBuildFile; fileRef = 7AAAD9031B009BA100D7F5A0 /* ZSSclearstyle@2x.png */; };
		7AAAD94C1B009BA100D7F5A0 /* ZSSforcejustify.png in Resources */ = {isa = PBXBuildFile; fileRef = 7AAAD9041B009BA100D7F5A0 /* ZSSforcejustify.png */; };
		7AAAD94D1B009BA100D7F5A0 /* ZSSforcejustify@2x.png in Resources */ = {isa = PBXBuildFile; fileRef = 7AAAD9051B009BA100D7F5A0 /* ZSSforcejustify@2x.png */; };
		7AAAD94E1B009BA100D7F5A0 /* ZSSh1.png in Resources */ = {isa = PBXBuildFile; fileRef = 7AAAD9061B009BA100D7F5A0 /* ZSSh1.png */; };
		7AAAD94F1B009BA100D7F5A0 /* ZSSh1@2x.png in Resources */ = {isa = PBXBuildFile; fileRef = 7AAAD9071B009BA100D7F5A0 /* ZSSh1@2x.png */; };
		7AAAD9501B009BA100D7F5A0 /* ZSSh2.png in Resources */ = {isa = PBXBuildFile; fileRef = 7AAAD9081B009BA100D7F5A0 /* ZSSh2.png */; };
		7AAAD9511B009BA100D7F5A0 /* ZSSh2@2x.png in Resources */ = {isa = PBXBuildFile; fileRef = 7AAAD9091B009BA100D7F5A0 /* ZSSh2@2x.png */; };
		7AAAD9521B009BA100D7F5A0 /* ZSSh3.png in Resources */ = {isa = PBXBuildFile; fileRef = 7AAAD90A1B009BA100D7F5A0 /* ZSSh3.png */; };
		7AAAD9531B009BA100D7F5A0 /* ZSSh3@2x.png in Resources */ = {isa = PBXBuildFile; fileRef = 7AAAD90B1B009BA100D7F5A0 /* ZSSh3@2x.png */; };
		7AAAD9541B009BA100D7F5A0 /* ZSSh4.png in Resources */ = {isa = PBXBuildFile; fileRef = 7AAAD90C1B009BA100D7F5A0 /* ZSSh4.png */; };
		7AAAD9551B009BA100D7F5A0 /* ZSSh4@2x.png in Resources */ = {isa = PBXBuildFile; fileRef = 7AAAD90D1B009BA100D7F5A0 /* ZSSh4@2x.png */; };
		7AAAD9561B009BA100D7F5A0 /* ZSSh5.png in Resources */ = {isa = PBXBuildFile; fileRef = 7AAAD90E1B009BA100D7F5A0 /* ZSSh5.png */; };
		7AAAD9571B009BA100D7F5A0 /* ZSSh5@2x.png in Resources */ = {isa = PBXBuildFile; fileRef = 7AAAD90F1B009BA100D7F5A0 /* ZSSh5@2x.png */; };
		7AAAD9581B009BA100D7F5A0 /* ZSSh6.png in Resources */ = {isa = PBXBuildFile; fileRef = 7AAAD9101B009BA100D7F5A0 /* ZSSh6.png */; };
		7AAAD9591B009BA100D7F5A0 /* ZSSh6@2x.png in Resources */ = {isa = PBXBuildFile; fileRef = 7AAAD9111B009BA100D7F5A0 /* ZSSh6@2x.png */; };
		7AAAD95A1B009BA100D7F5A0 /* ZSShorizontalrule.png in Resources */ = {isa = PBXBuildFile; fileRef = 7AAAD9121B009BA100D7F5A0 /* ZSShorizontalrule.png */; };
		7AAAD95B1B009BA100D7F5A0 /* ZSShorizontalrule@2x.png in Resources */ = {isa = PBXBuildFile; fileRef = 7AAAD9131B009BA100D7F5A0 /* ZSShorizontalrule@2x.png */; };
		7AAAD95C1B009BA100D7F5A0 /* ZSSimage.png in Resources */ = {isa = PBXBuildFile; fileRef = 7AAAD9141B009BA100D7F5A0 /* ZSSimage.png */; };
		7AAAD95D1B009BA100D7F5A0 /* ZSSimage@2x.png in Resources */ = {isa = PBXBuildFile; fileRef = 7AAAD9151B009BA100D7F5A0 /* ZSSimage@2x.png */; };
		7AAAD95E1B009BA100D7F5A0 /* ZSSindent.png in Resources */ = {isa = PBXBuildFile; fileRef = 7AAAD9161B009BA100D7F5A0 /* ZSSindent.png */; };
		7AAAD95F1B009BA100D7F5A0 /* ZSSindent@2x.png in Resources */ = {isa = PBXBuildFile; fileRef = 7AAAD9171B009BA100D7F5A0 /* ZSSindent@2x.png */; };
		7AAAD9601B009BA100D7F5A0 /* ZSSinsertkeyword.png in Resources */ = {isa = PBXBuildFile; fileRef = 7AAAD9181B009BA100D7F5A0 /* ZSSinsertkeyword.png */; };
		7AAAD9611B009BA100D7F5A0 /* ZSSinsertkeyword@2x.png in Resources */ = {isa = PBXBuildFile; fileRef = 7AAAD9191B009BA100D7F5A0 /* ZSSinsertkeyword@2x.png */; };
		7AAAD9621B009BA100D7F5A0 /* ZSSitalic.png in Resources */ = {isa = PBXBuildFile; fileRef = 7AAAD91A1B009BA100D7F5A0 /* ZSSitalic.png */; };
		7AAAD9631B009BA100D7F5A0 /* ZSSitalic@2x.png in Resources */ = {isa = PBXBuildFile; fileRef = 7AAAD91B1B009BA100D7F5A0 /* ZSSitalic@2x.png */; };
		7AAAD9641B009BA100D7F5A0 /* ZSSkeyboard.png in Resources */ = {isa = PBXBuildFile; fileRef = 7AAAD91C1B009BA100D7F5A0 /* ZSSkeyboard.png */; };
		7AAAD9651B009BA100D7F5A0 /* ZSSkeyboard@2x.png in Resources */ = {isa = PBXBuildFile; fileRef = 7AAAD91D1B009BA100D7F5A0 /* ZSSkeyboard@2x.png */; };
		7AAAD9661B009BA100D7F5A0 /* ZSSleftjustify.png in Resources */ = {isa = PBXBuildFile; fileRef = 7AAAD91E1B009BA100D7F5A0 /* ZSSleftjustify.png */; };
		7AAAD9671B009BA100D7F5A0 /* ZSSleftjustify@2x.png in Resources */ = {isa = PBXBuildFile; fileRef = 7AAAD91F1B009BA100D7F5A0 /* ZSSleftjustify@2x.png */; };
		7AAAD9681B009BA100D7F5A0 /* ZSSlink.png in Resources */ = {isa = PBXBuildFile; fileRef = 7AAAD9201B009BA100D7F5A0 /* ZSSlink.png */; };
		7AAAD9691B009BA100D7F5A0 /* ZSSlink@2x.png in Resources */ = {isa = PBXBuildFile; fileRef = 7AAAD9211B009BA100D7F5A0 /* ZSSlink@2x.png */; };
		7AAAD96A1B009BA100D7F5A0 /* ZSSorderedlist.png in Resources */ = {isa = PBXBuildFile; fileRef = 7AAAD9221B009BA100D7F5A0 /* ZSSorderedlist.png */; };
		7AAAD96B1B009BA100D7F5A0 /* ZSSorderedlist@2x.png in Resources */ = {isa = PBXBuildFile; fileRef = 7AAAD9231B009BA100D7F5A0 /* ZSSorderedlist@2x.png */; };
		7AAAD96C1B009BA100D7F5A0 /* ZSSoutdent.png in Resources */ = {isa = PBXBuildFile; fileRef = 7AAAD9241B009BA100D7F5A0 /* ZSSoutdent.png */; };
		7AAAD96D1B009BA100D7F5A0 /* ZSSoutdent@2x.png in Resources */ = {isa = PBXBuildFile; fileRef = 7AAAD9251B009BA100D7F5A0 /* ZSSoutdent@2x.png */; };
		7AAAD96E1B009BA100D7F5A0 /* ZSSparagraph.png in Resources */ = {isa = PBXBuildFile; fileRef = 7AAAD9261B009BA100D7F5A0 /* ZSSparagraph.png */; };
		7AAAD96F1B009BA100D7F5A0 /* ZSSparagraph@2x.png in Resources */ = {isa = PBXBuildFile; fileRef = 7AAAD9271B009BA100D7F5A0 /* ZSSparagraph@2x.png */; };
		7AAAD9701B009BA100D7F5A0 /* ZSSpicker.png in Resources */ = {isa = PBXBuildFile; fileRef = 7AAAD9281B009BA100D7F5A0 /* ZSSpicker.png */; };
		7AAAD9711B009BA100D7F5A0 /* ZSSpicker@2x.png in Resources */ = {isa = PBXBuildFile; fileRef = 7AAAD9291B009BA100D7F5A0 /* ZSSpicker@2x.png */; };
		7AAAD9721B009BA100D7F5A0 /* ZSSquicklink.png in Resources */ = {isa = PBXBuildFile; fileRef = 7AAAD92A1B009BA100D7F5A0 /* ZSSquicklink.png */; };
		7AAAD9731B009BA100D7F5A0 /* ZSSquicklink@2x.png in Resources */ = {isa = PBXBuildFile; fileRef = 7AAAD92B1B009BA100D7F5A0 /* ZSSquicklink@2x.png */; };
		7AAAD9741B009BA100D7F5A0 /* ZSSredo.png in Resources */ = {isa = PBXBuildFile; fileRef = 7AAAD92C1B009BA100D7F5A0 /* ZSSredo.png */; };
		7AAAD9751B009BA100D7F5A0 /* ZSSredo@2x.png in Resources */ = {isa = PBXBuildFile; fileRef = 7AAAD92D1B009BA100D7F5A0 /* ZSSredo@2x.png */; };
		7AAAD9761B009BA100D7F5A0 /* ZSSrightjustify.png in Resources */ = {isa = PBXBuildFile; fileRef = 7AAAD92E1B009BA100D7F5A0 /* ZSSrightjustify.png */; };
		7AAAD9771B009BA100D7F5A0 /* ZSSrightjustify@2x.png in Resources */ = {isa = PBXBuildFile; fileRef = 7AAAD92F1B009BA100D7F5A0 /* ZSSrightjustify@2x.png */; };
		7AAAD9781B009BA100D7F5A0 /* ZSSstrikethrough.png in Resources */ = {isa = PBXBuildFile; fileRef = 7AAAD9301B009BA100D7F5A0 /* ZSSstrikethrough.png */; };
		7AAAD9791B009BA100D7F5A0 /* ZSSstrikethrough@2x.png in Resources */ = {isa = PBXBuildFile; fileRef = 7AAAD9311B009BA100D7F5A0 /* ZSSstrikethrough@2x.png */; };
		7AAAD97A1B009BA100D7F5A0 /* ZSSsubscript.png in Resources */ = {isa = PBXBuildFile; fileRef = 7AAAD9321B009BA100D7F5A0 /* ZSSsubscript.png */; };
		7AAAD97B1B009BA100D7F5A0 /* ZSSsubscript@2x.png in Resources */ = {isa = PBXBuildFile; fileRef = 7AAAD9331B009BA100D7F5A0 /* ZSSsubscript@2x.png */; };
		7AAAD97C1B009BA100D7F5A0 /* ZSSsuperscript.png in Resources */ = {isa = PBXBuildFile; fileRef = 7AAAD9341B009BA100D7F5A0 /* ZSSsuperscript.png */; };
		7AAAD97D1B009BA100D7F5A0 /* ZSSsuperscript@2x.png in Resources */ = {isa = PBXBuildFile; fileRef = 7AAAD9351B009BA100D7F5A0 /* ZSSsuperscript@2x.png */; };
		7AAAD97E1B009BA100D7F5A0 /* ZSStable.png in Resources */ = {isa = PBXBuildFile; fileRef = 7AAAD9361B009BA100D7F5A0 /* ZSStable.png */; };
		7AAAD97F1B009BA100D7F5A0 /* ZSStable@2x.png in Resources */ = {isa = PBXBuildFile; fileRef = 7AAAD9371B009BA100D7F5A0 /* ZSStable@2x.png */; };
		7AAAD9801B009BA100D7F5A0 /* ZSStextcolor.png in Resources */ = {isa = PBXBuildFile; fileRef = 7AAAD9381B009BA100D7F5A0 /* ZSStextcolor.png */; };
		7AAAD9811B009BA100D7F5A0 /* ZSStextcolor@2x.png in Resources */ = {isa = PBXBuildFile; fileRef = 7AAAD9391B009BA100D7F5A0 /* ZSStextcolor@2x.png */; };
		7AAAD9821B009BA100D7F5A0 /* ZSSunderline.png in Resources */ = {isa = PBXBuildFile; fileRef = 7AAAD93A1B009BA100D7F5A0 /* ZSSunderline.png */; };
		7AAAD9831B009BA100D7F5A0 /* ZSSunderline@2x.png in Resources */ = {isa = PBXBuildFile; fileRef = 7AAAD93B1B009BA100D7F5A0 /* ZSSunderline@2x.png */; };
		7AAAD9841B009BA100D7F5A0 /* ZSSundo.png in Resources */ = {isa = PBXBuildFile; fileRef = 7AAAD93C1B009BA100D7F5A0 /* ZSSundo.png */; };
		7AAAD9851B009BA100D7F5A0 /* ZSSundo@2x.png in Resources */ = {isa = PBXBuildFile; fileRef = 7AAAD93D1B009BA100D7F5A0 /* ZSSundo@2x.png */; };
		7AAAD9861B009BA100D7F5A0 /* ZSSunlink.png in Resources */ = {isa = PBXBuildFile; fileRef = 7AAAD93E1B009BA100D7F5A0 /* ZSSunlink.png */; };
		7AAAD9871B009BA100D7F5A0 /* ZSSunlink@2x.png in Resources */ = {isa = PBXBuildFile; fileRef = 7AAAD93F1B009BA100D7F5A0 /* ZSSunlink@2x.png */; };
		7AAAD9881B009BA100D7F5A0 /* ZSSunorderedlist.png in Resources */ = {isa = PBXBuildFile; fileRef = 7AAAD9401B009BA100D7F5A0 /* ZSSunorderedlist.png */; };
		7AAAD9891B009BA100D7F5A0 /* ZSSunorderedlist@2x.png in Resources */ = {isa = PBXBuildFile; fileRef = 7AAAD9411B009BA100D7F5A0 /* ZSSunorderedlist@2x.png */; };
		7AAAD98A1B009BA100D7F5A0 /* ZSSviewsource.png in Resources */ = {isa = PBXBuildFile; fileRef = 7AAAD9421B009BA100D7F5A0 /* ZSSviewsource.png */; };
		7AAAD98B1B009BA100D7F5A0 /* ZSSviewsource@2x.png in Resources */ = {isa = PBXBuildFile; fileRef = 7AAAD9431B009BA100D7F5A0 /* ZSSviewsource@2x.png */; };
/* End PBXBuildFile section */

/* Begin PBXFileReference section */
		23065BF41A06BA67001BA0B0 /* Images.xcassets */ = {isa = PBXFileReference; lastKnownFileType = folder.assetcatalog; name = Images.xcassets; path = ZSSRichTextEditor/Images.xcassets; sourceTree = "<group>"; };
		2314CB9D198F4CEC00A126F6 /* 76.png */ = {isa = PBXFileReference; lastKnownFileType = image.png; path = 76.png; sourceTree = "<group>"; };
		2314CB9E198F4CEC00A126F6 /* 120.png */ = {isa = PBXFileReference; lastKnownFileType = image.png; path = 120.png; sourceTree = "<group>"; };
		2314CB9F198F4CEC00A126F6 /* 152.png */ = {isa = PBXFileReference; lastKnownFileType = image.png; path = 152.png; sourceTree = "<group>"; };
		456285B1184D55D800B6168E /* Icon@2x.png */ = {isa = PBXFileReference; lastKnownFileType = image.png; path = "Icon@2x.png"; sourceTree = "<group>"; };
		4581EB7C184845790048CAB0 /* ZSSRichTextEditor.app */ = {isa = PBXFileReference; explicitFileType = wrapper.application; includeInIndex = 0; path = ZSSRichTextEditor.app; sourceTree = BUILT_PRODUCTS_DIR; };
		4581EB7F184845790048CAB0 /* Foundation.framework */ = {isa = PBXFileReference; lastKnownFileType = wrapper.framework; name = Foundation.framework; path = System/Library/Frameworks/Foundation.framework; sourceTree = SDKROOT; };
		4581EB81184845790048CAB0 /* CoreGraphics.framework */ = {isa = PBXFileReference; lastKnownFileType = wrapper.framework; name = CoreGraphics.framework; path = System/Library/Frameworks/CoreGraphics.framework; sourceTree = SDKROOT; };
		4581EB83184845790048CAB0 /* UIKit.framework */ = {isa = PBXFileReference; lastKnownFileType = wrapper.framework; name = UIKit.framework; path = System/Library/Frameworks/UIKit.framework; sourceTree = SDKROOT; };
		4581EB871848457A0048CAB0 /* ZSSRichTextEditor-Info.plist */ = {isa = PBXFileReference; lastKnownFileType = text.plist.xml; path = "ZSSRichTextEditor-Info.plist"; sourceTree = "<group>"; };
		4581EB891848457A0048CAB0 /* en */ = {isa = PBXFileReference; lastKnownFileType = text.plist.strings; name = en; path = en.lproj/InfoPlist.strings; sourceTree = "<group>"; };
		4581EB8B1848457A0048CAB0 /* main.m */ = {isa = PBXFileReference; lastKnownFileType = sourcecode.c.objc; path = main.m; sourceTree = "<group>"; };
		4581EB8D1848457A0048CAB0 /* ZSSRichTextEditor-Prefix.pch */ = {isa = PBXFileReference; lastKnownFileType = sourcecode.c.h; path = "ZSSRichTextEditor-Prefix.pch"; sourceTree = "<group>"; };
		4581EB8E1848457A0048CAB0 /* ZSSAppDelegate.h */ = {isa = PBXFileReference; lastKnownFileType = sourcecode.c.h; path = ZSSAppDelegate.h; sourceTree = "<group>"; };
		4581EB8F1848457A0048CAB0 /* ZSSAppDelegate.m */ = {isa = PBXFileReference; lastKnownFileType = sourcecode.c.objc; path = ZSSAppDelegate.m; sourceTree = "<group>"; };
		4581EB981848457A0048CAB0 /* XCTest.framework */ = {isa = PBXFileReference; lastKnownFileType = wrapper.framework; name = XCTest.framework; path = Library/Frameworks/XCTest.framework; sourceTree = DEVELOPER_DIR; };
		4581EBAE1848459F0048CAB0 /* CoreText.framework */ = {isa = PBXFileReference; lastKnownFileType = wrapper.framework; name = CoreText.framework; path = System/Library/Frameworks/CoreText.framework; sourceTree = SDKROOT; };
		45E38AB518AC3AA70079C928 /* Default-568h@2x.png */ = {isa = PBXFileReference; lastKnownFileType = image.png; path = "Default-568h@2x.png"; sourceTree = "<group>"; };
		7A4D215D1B0056A100B04D5C /* editor.html */ = {isa = PBXFileReference; fileEncoding = 4; lastKnownFileType = text.html; path = editor.html; sourceTree = "<group>"; };
		7A4D215E1B0056A100B04D5C /* ZSSRichTextEditor.js */ = {isa = PBXFileReference; fileEncoding = 4; lastKnownFileType = sourcecode.javascript; path = ZSSRichTextEditor.js; sourceTree = "<group>"; };
		7A4D21A91B0056A100B04D5C /* CYRLayoutManager.h */ = {isa = PBXFileReference; fileEncoding = 4; lastKnownFileType = sourcecode.c.h; path = CYRLayoutManager.h; sourceTree = "<group>"; };
		7A4D21AA1B0056A100B04D5C /* CYRLayoutManager.m */ = {isa = PBXFileReference; fileEncoding = 4; lastKnownFileType = sourcecode.c.objc; path = CYRLayoutManager.m; sourceTree = "<group>"; };
		7A4D21AB1B0056A100B04D5C /* CYRTextStorage.h */ = {isa = PBXFileReference; fileEncoding = 4; lastKnownFileType = sourcecode.c.h; path = CYRTextStorage.h; sourceTree = "<group>"; };
		7A4D21AC1B0056A100B04D5C /* CYRTextStorage.m */ = {isa = PBXFileReference; fileEncoding = 4; lastKnownFileType = sourcecode.c.objc; path = CYRTextStorage.m; sourceTree = "<group>"; };
		7A4D21AD1B0056A100B04D5C /* CYRTextView.h */ = {isa = PBXFileReference; fileEncoding = 4; lastKnownFileType = sourcecode.c.h; path = CYRTextView.h; sourceTree = "<group>"; };
		7A4D21AE1B0056A100B04D5C /* CYRTextView.m */ = {isa = PBXFileReference; fileEncoding = 4; lastKnownFileType = sourcecode.c.objc; path = CYRTextView.m; sourceTree = "<group>"; };
		7A4D21AF1B0056A100B04D5C /* CYRToken.h */ = {isa = PBXFileReference; fileEncoding = 4; lastKnownFileType = sourcecode.c.h; path = CYRToken.h; sourceTree = "<group>"; };
		7A4D21B01B0056A100B04D5C /* CYRToken.m */ = {isa = PBXFileReference; fileEncoding = 4; lastKnownFileType = sourcecode.c.objc; path = CYRToken.m; sourceTree = "<group>"; };
		7A4D21B11B0056A100B04D5C /* HRBrightnessCursor.h */ = {isa = PBXFileReference; fileEncoding = 4; lastKnownFileType = sourcecode.c.h; path = HRBrightnessCursor.h; sourceTree = "<group>"; };
		7A4D21B21B0056A100B04D5C /* HRBrightnessCursor.m */ = {isa = PBXFileReference; fileEncoding = 4; lastKnownFileType = sourcecode.c.objc; path = HRBrightnessCursor.m; sourceTree = "<group>"; };
		7A4D21B31B0056A100B04D5C /* HRCgUtil.h */ = {isa = PBXFileReference; fileEncoding = 4; lastKnownFileType = sourcecode.c.h; path = HRCgUtil.h; sourceTree = "<group>"; };
		7A4D21B41B0056A100B04D5C /* HRCgUtil.m */ = {isa = PBXFileReference; fileEncoding = 4; lastKnownFileType = sourcecode.c.objc; path = HRCgUtil.m; sourceTree = "<group>"; };
		7A4D21B51B0056A100B04D5C /* HRColorCursor.h */ = {isa = PBXFileReference; fileEncoding = 4; lastKnownFileType = sourcecode.c.h; path = HRColorCursor.h; sourceTree = "<group>"; };
		7A4D21B61B0056A100B04D5C /* HRColorCursor.m */ = {isa = PBXFileReference; fileEncoding = 4; lastKnownFileType = sourcecode.c.objc; path = HRColorCursor.m; sourceTree = "<group>"; };
		7A4D21B71B0056A100B04D5C /* HRColorPickerMacros.h */ = {isa = PBXFileReference; fileEncoding = 4; lastKnownFileType = sourcecode.c.h; path = HRColorPickerMacros.h; sourceTree = "<group>"; };
		7A4D21B81B0056A100B04D5C /* HRColorPickerView.h */ = {isa = PBXFileReference; fileEncoding = 4; lastKnownFileType = sourcecode.c.h; path = HRColorPickerView.h; sourceTree = "<group>"; };
		7A4D21B91B0056A100B04D5C /* HRColorPickerView.m */ = {isa = PBXFileReference; fileEncoding = 4; lastKnownFileType = sourcecode.c.objc; path = HRColorPickerView.m; sourceTree = "<group>"; };
		7A4D21BA1B0056A100B04D5C /* HRColorPickerViewController.h */ = {isa = PBXFileReference; fileEncoding = 4; lastKnownFileType = sourcecode.c.h; path = HRColorPickerViewController.h; sourceTree = "<group>"; };
		7A4D21BB1B0056A100B04D5C /* HRColorPickerViewController.m */ = {isa = PBXFileReference; fileEncoding = 4; lastKnownFileType = sourcecode.c.objc; path = HRColorPickerViewController.m; sourceTree = "<group>"; };
		7A4D21BC1B0056A100B04D5C /* HRColorUtil.h */ = {isa = PBXFileReference; fileEncoding = 4; lastKnownFileType = sourcecode.c.h; path = HRColorUtil.h; sourceTree = "<group>"; };
		7A4D21BD1B0056A100B04D5C /* HRColorUtil.m */ = {isa = PBXFileReference; fileEncoding = 4; lastKnownFileType = sourcecode.c.objc; path = HRColorUtil.m; sourceTree = "<group>"; };
		7A4D21BE1B0056A100B04D5C /* ZSSBarButtonItem.h */ = {isa = PBXFileReference; fileEncoding = 4; lastKnownFileType = sourcecode.c.h; path = ZSSBarButtonItem.h; sourceTree = "<group>"; };
		7A4D21BF1B0056A100B04D5C /* ZSSBarButtonItem.m */ = {isa = PBXFileReference; fileEncoding = 4; lastKnownFileType = sourcecode.c.objc; path = ZSSBarButtonItem.m; sourceTree = "<group>"; };
		7A4D21C01B0056A100B04D5C /* ZSSRichTextEditor.h */ = {isa = PBXFileReference; fileEncoding = 4; lastKnownFileType = sourcecode.c.h; path = ZSSRichTextEditor.h; sourceTree = "<group>"; };
		7A4D21C11B0056A100B04D5C /* ZSSRichTextEditor.m */ = {isa = PBXFileReference; fileEncoding = 4; lastKnownFileType = sourcecode.c.objc; path = ZSSRichTextEditor.m; sourceTree = "<group>"; };
		7A4D21C21B0056A100B04D5C /* ZSSTextView.h */ = {isa = PBXFileReference; fileEncoding = 4; lastKnownFileType = sourcecode.c.h; path = ZSSTextView.h; sourceTree = "<group>"; };
		7A4D21C31B0056A100B04D5C /* ZSSTextView.m */ = {isa = PBXFileReference; fileEncoding = 4; lastKnownFileType = sourcecode.c.objc; path = ZSSTextView.m; sourceTree = "<group>"; };
		7A4D221B1B00572800B04D5C /* UIWebView+GUIFixes.h */ = {isa = PBXFileReference; fileEncoding = 4; lastKnownFileType = sourcecode.c.h; path = "UIWebView+GUIFixes.h"; sourceTree = "<group>"; };
		7A4D221C1B00572800B04D5C /* UIWebView+GUIFixes.m */ = {isa = PBXFileReference; fileEncoding = 4; lastKnownFileType = sourcecode.c.objc; path = "UIWebView+GUIFixes.m"; sourceTree = "<group>"; };
		7AAAD8641B007D9C00D7F5A0 /* CSEditorViewController.h */ = {isa = PBXFileReference; fileEncoding = 4; lastKnownFileType = sourcecode.c.h; path = CSEditorViewController.h; sourceTree = "<group>"; };
		7AAAD8651B007D9C00D7F5A0 /* CSEditorViewController.m */ = {isa = PBXFileReference; fileEncoding = 4; lastKnownFileType = sourcecode.c.objc; path = CSEditorViewController.m; sourceTree = "<group>"; };
		7AAAD8671B00881F00D7F5A0 /* CSEditorToobarHolder.h */ = {isa = PBXFileReference; fileEncoding = 4; lastKnownFileType = sourcecode.c.h; path = CSEditorToobarHolder.h; sourceTree = "<group>"; };
		7AAAD8681B00881F00D7F5A0 /* CSEditorToobarHolder.m */ = {isa = PBXFileReference; fileEncoding = 4; lastKnownFileType = sourcecode.c.objc; path = CSEditorToobarHolder.m; sourceTree = "<group>"; };
		7AAAD8FC1B009BA100D7F5A0 /* ZSSbgcolor.png */ = {isa = PBXFileReference; lastKnownFileType = image.png; path = ZSSbgcolor.png; sourceTree = "<group>"; };
		7AAAD8FD1B009BA100D7F5A0 /* ZSSbgcolor@2x.png */ = {isa = PBXFileReference; lastKnownFileType = image.png; path = "ZSSbgcolor@2x.png"; sourceTree = "<group>"; };
		7AAAD8FE1B009BA100D7F5A0 /* ZSSbold.png */ = {isa = PBXFileReference; lastKnownFileType = image.png; path = ZSSbold.png; sourceTree = "<group>"; };
		7AAAD8FF1B009BA100D7F5A0 /* ZSSbold@2x.png */ = {isa = PBXFileReference; lastKnownFileType = image.png; path = "ZSSbold@2x.png"; sourceTree = "<group>"; };
		7AAAD9001B009BA100D7F5A0 /* ZSScenterjustify.png */ = {isa = PBXFileReference; lastKnownFileType = image.png; path = ZSScenterjustify.png; sourceTree = "<group>"; };
		7AAAD9011B009BA100D7F5A0 /* ZSScenterjustify@2x.png */ = {isa = PBXFileReference; lastKnownFileType = image.png; path = "ZSScenterjustify@2x.png"; sourceTree = "<group>"; };
		7AAAD9021B009BA100D7F5A0 /* ZSSclearstyle.png */ = {isa = PBXFileReference; lastKnownFileType = image.png; path = ZSSclearstyle.png; sourceTree = "<group>"; };
		7AAAD9031B009BA100D7F5A0 /* ZSSclearstyle@2x.png */ = {isa = PBXFileReference; lastKnownFileType = image.png; path = "ZSSclearstyle@2x.png"; sourceTree = "<group>"; };
		7AAAD9041B009BA100D7F5A0 /* ZSSforcejustify.png */ = {isa = PBXFileReference; lastKnownFileType = image.png; path = ZSSforcejustify.png; sourceTree = "<group>"; };
		7AAAD9051B009BA100D7F5A0 /* ZSSforcejustify@2x.png */ = {isa = PBXFileReference; lastKnownFileType = image.png; path = "ZSSforcejustify@2x.png"; sourceTree = "<group>"; };
		7AAAD9061B009BA100D7F5A0 /* ZSSh1.png */ = {isa = PBXFileReference; lastKnownFileType = image.png; path = ZSSh1.png; sourceTree = "<group>"; };
		7AAAD9071B009BA100D7F5A0 /* ZSSh1@2x.png */ = {isa = PBXFileReference; lastKnownFileType = image.png; path = "ZSSh1@2x.png"; sourceTree = "<group>"; };
		7AAAD9081B009BA100D7F5A0 /* ZSSh2.png */ = {isa = PBXFileReference; lastKnownFileType = image.png; path = ZSSh2.png; sourceTree = "<group>"; };
		7AAAD9091B009BA100D7F5A0 /* ZSSh2@2x.png */ = {isa = PBXFileReference; lastKnownFileType = image.png; path = "ZSSh2@2x.png"; sourceTree = "<group>"; };
		7AAAD90A1B009BA100D7F5A0 /* ZSSh3.png */ = {isa = PBXFileReference; lastKnownFileType = image.png; path = ZSSh3.png; sourceTree = "<group>"; };
		7AAAD90B1B009BA100D7F5A0 /* ZSSh3@2x.png */ = {isa = PBXFileReference; lastKnownFileType = image.png; path = "ZSSh3@2x.png"; sourceTree = "<group>"; };
		7AAAD90C1B009BA100D7F5A0 /* ZSSh4.png */ = {isa = PBXFileReference; lastKnownFileType = image.png; path = ZSSh4.png; sourceTree = "<group>"; };
		7AAAD90D1B009BA100D7F5A0 /* ZSSh4@2x.png */ = {isa = PBXFileReference; lastKnownFileType = image.png; path = "ZSSh4@2x.png"; sourceTree = "<group>"; };
		7AAAD90E1B009BA100D7F5A0 /* ZSSh5.png */ = {isa = PBXFileReference; lastKnownFileType = image.png; path = ZSSh5.png; sourceTree = "<group>"; };
		7AAAD90F1B009BA100D7F5A0 /* ZSSh5@2x.png */ = {isa = PBXFileReference; lastKnownFileType = image.png; path = "ZSSh5@2x.png"; sourceTree = "<group>"; };
		7AAAD9101B009BA100D7F5A0 /* ZSSh6.png */ = {isa = PBXFileReference; lastKnownFileType = image.png; path = ZSSh6.png; sourceTree = "<group>"; };
		7AAAD9111B009BA100D7F5A0 /* ZSSh6@2x.png */ = {isa = PBXFileReference; lastKnownFileType = image.png; path = "ZSSh6@2x.png"; sourceTree = "<group>"; };
		7AAAD9121B009BA100D7F5A0 /* ZSShorizontalrule.png */ = {isa = PBXFileReference; lastKnownFileType = image.png; path = ZSShorizontalrule.png; sourceTree = "<group>"; };
		7AAAD9131B009BA100D7F5A0 /* ZSShorizontalrule@2x.png */ = {isa = PBXFileReference; lastKnownFileType = image.png; path = "ZSShorizontalrule@2x.png"; sourceTree = "<group>"; };
		7AAAD9141B009BA100D7F5A0 /* ZSSimage.png */ = {isa = PBXFileReference; lastKnownFileType = image.png; path = ZSSimage.png; sourceTree = "<group>"; };
		7AAAD9151B009BA100D7F5A0 /* ZSSimage@2x.png */ = {isa = PBXFileReference; lastKnownFileType = image.png; path = "ZSSimage@2x.png"; sourceTree = "<group>"; };
		7AAAD9161B009BA100D7F5A0 /* ZSSindent.png */ = {isa = PBXFileReference; lastKnownFileType = image.png; path = ZSSindent.png; sourceTree = "<group>"; };
		7AAAD9171B009BA100D7F5A0 /* ZSSindent@2x.png */ = {isa = PBXFileReference; lastKnownFileType = image.png; path = "ZSSindent@2x.png"; sourceTree = "<group>"; };
		7AAAD9181B009BA100D7F5A0 /* ZSSinsertkeyword.png */ = {isa = PBXFileReference; lastKnownFileType = image.png; path = ZSSinsertkeyword.png; sourceTree = "<group>"; };
		7AAAD9191B009BA100D7F5A0 /* ZSSinsertkeyword@2x.png */ = {isa = PBXFileReference; lastKnownFileType = image.png; path = "ZSSinsertkeyword@2x.png"; sourceTree = "<group>"; };
		7AAAD91A1B009BA100D7F5A0 /* ZSSitalic.png */ = {isa = PBXFileReference; lastKnownFileType = image.png; path = ZSSitalic.png; sourceTree = "<group>"; };
		7AAAD91B1B009BA100D7F5A0 /* ZSSitalic@2x.png */ = {isa = PBXFileReference; lastKnownFileType = image.png; path = "ZSSitalic@2x.png"; sourceTree = "<group>"; };
		7AAAD91C1B009BA100D7F5A0 /* ZSSkeyboard.png */ = {isa = PBXFileReference; lastKnownFileType = image.png; path = ZSSkeyboard.png; sourceTree = "<group>"; };
		7AAAD91D1B009BA100D7F5A0 /* ZSSkeyboard@2x.png */ = {isa = PBXFileReference; lastKnownFileType = image.png; path = "ZSSkeyboard@2x.png"; sourceTree = "<group>"; };
		7AAAD91E1B009BA100D7F5A0 /* ZSSleftjustify.png */ = {isa = PBXFileReference; lastKnownFileType = image.png; path = ZSSleftjustify.png; sourceTree = "<group>"; };
		7AAAD91F1B009BA100D7F5A0 /* ZSSleftjustify@2x.png */ = {isa = PBXFileReference; lastKnownFileType = image.png; path = "ZSSleftjustify@2x.png"; sourceTree = "<group>"; };
		7AAAD9201B009BA100D7F5A0 /* ZSSlink.png */ = {isa = PBXFileReference; lastKnownFileType = image.png; path = ZSSlink.png; sourceTree = "<group>"; };
		7AAAD9211B009BA100D7F5A0 /* ZSSlink@2x.png */ = {isa = PBXFileReference; lastKnownFileType = image.png; path = "ZSSlink@2x.png"; sourceTree = "<group>"; };
		7AAAD9221B009BA100D7F5A0 /* ZSSorderedlist.png */ = {isa = PBXFileReference; lastKnownFileType = image.png; path = ZSSorderedlist.png; sourceTree = "<group>"; };
		7AAAD9231B009BA100D7F5A0 /* ZSSorderedlist@2x.png */ = {isa = PBXFileReference; lastKnownFileType = image.png; path = "ZSSorderedlist@2x.png"; sourceTree = "<group>"; };
		7AAAD9241B009BA100D7F5A0 /* ZSSoutdent.png */ = {isa = PBXFileReference; lastKnownFileType = image.png; path = ZSSoutdent.png; sourceTree = "<group>"; };
		7AAAD9251B009BA100D7F5A0 /* ZSSoutdent@2x.png */ = {isa = PBXFileReference; lastKnownFileType = image.png; path = "ZSSoutdent@2x.png"; sourceTree = "<group>"; };
		7AAAD9261B009BA100D7F5A0 /* ZSSparagraph.png */ = {isa = PBXFileReference; lastKnownFileType = image.png; path = ZSSparagraph.png; sourceTree = "<group>"; };
		7AAAD9271B009BA100D7F5A0 /* ZSSparagraph@2x.png */ = {isa = PBXFileReference; lastKnownFileType = image.png; path = "ZSSparagraph@2x.png"; sourceTree = "<group>"; };
		7AAAD9281B009BA100D7F5A0 /* ZSSpicker.png */ = {isa = PBXFileReference; lastKnownFileType = image.png; path = ZSSpicker.png; sourceTree = "<group>"; };
		7AAAD9291B009BA100D7F5A0 /* ZSSpicker@2x.png */ = {isa = PBXFileReference; lastKnownFileType = image.png; path = "ZSSpicker@2x.png"; sourceTree = "<group>"; };
		7AAAD92A1B009BA100D7F5A0 /* ZSSquicklink.png */ = {isa = PBXFileReference; lastKnownFileType = image.png; path = ZSSquicklink.png; sourceTree = "<group>"; };
		7AAAD92B1B009BA100D7F5A0 /* ZSSquicklink@2x.png */ = {isa = PBXFileReference; lastKnownFileType = image.png; path = "ZSSquicklink@2x.png"; sourceTree = "<group>"; };
		7AAAD92C1B009BA100D7F5A0 /* ZSSredo.png */ = {isa = PBXFileReference; lastKnownFileType = image.png; path = ZSSredo.png; sourceTree = "<group>"; };
		7AAAD92D1B009BA100D7F5A0 /* ZSSredo@2x.png */ = {isa = PBXFileReference; lastKnownFileType = image.png; path = "ZSSredo@2x.png"; sourceTree = "<group>"; };
		7AAAD92E1B009BA100D7F5A0 /* ZSSrightjustify.png */ = {isa = PBXFileReference; lastKnownFileType = image.png; path = ZSSrightjustify.png; sourceTree = "<group>"; };
		7AAAD92F1B009BA100D7F5A0 /* ZSSrightjustify@2x.png */ = {isa = PBXFileReference; lastKnownFileType = image.png; path = "ZSSrightjustify@2x.png"; sourceTree = "<group>"; };
		7AAAD9301B009BA100D7F5A0 /* ZSSstrikethrough.png */ = {isa = PBXFileReference; lastKnownFileType = image.png; path = ZSSstrikethrough.png; sourceTree = "<group>"; };
		7AAAD9311B009BA100D7F5A0 /* ZSSstrikethrough@2x.png */ = {isa = PBXFileReference; lastKnownFileType = image.png; path = "ZSSstrikethrough@2x.png"; sourceTree = "<group>"; };
		7AAAD9321B009BA100D7F5A0 /* ZSSsubscript.png */ = {isa = PBXFileReference; lastKnownFileType = image.png; path = ZSSsubscript.png; sourceTree = "<group>"; };
		7AAAD9331B009BA100D7F5A0 /* ZSSsubscript@2x.png */ = {isa = PBXFileReference; lastKnownFileType = image.png; path = "ZSSsubscript@2x.png"; sourceTree = "<group>"; };
		7AAAD9341B009BA100D7F5A0 /* ZSSsuperscript.png */ = {isa = PBXFileReference; lastKnownFileType = image.png; path = ZSSsuperscript.png; sourceTree = "<group>"; };
		7AAAD9351B009BA100D7F5A0 /* ZSSsuperscript@2x.png */ = {isa = PBXFileReference; lastKnownFileType = image.png; path = "ZSSsuperscript@2x.png"; sourceTree = "<group>"; };
		7AAAD9361B009BA100D7F5A0 /* ZSStable.png */ = {isa = PBXFileReference; lastKnownFileType = image.png; path = ZSStable.png; sourceTree = "<group>"; };
		7AAAD9371B009BA100D7F5A0 /* ZSStable@2x.png */ = {isa = PBXFileReference; lastKnownFileType = image.png; path = "ZSStable@2x.png"; sourceTree = "<group>"; };
		7AAAD9381B009BA100D7F5A0 /* ZSStextcolor.png */ = {isa = PBXFileReference; lastKnownFileType = image.png; path = ZSStextcolor.png; sourceTree = "<group>"; };
		7AAAD9391B009BA100D7F5A0 /* ZSStextcolor@2x.png */ = {isa = PBXFileReference; lastKnownFileType = image.png; path = "ZSStextcolor@2x.png"; sourceTree = "<group>"; };
		7AAAD93A1B009BA100D7F5A0 /* ZSSunderline.png */ = {isa = PBXFileReference; lastKnownFileType = image.png; path = ZSSunderline.png; sourceTree = "<group>"; };
		7AAAD93B1B009BA100D7F5A0 /* ZSSunderline@2x.png */ = {isa = PBXFileReference; lastKnownFileType = image.png; path = "ZSSunderline@2x.png"; sourceTree = "<group>"; };
		7AAAD93C1B009BA100D7F5A0 /* ZSSundo.png */ = {isa = PBXFileReference; lastKnownFileType = image.png; path = ZSSundo.png; sourceTree = "<group>"; };
		7AAAD93D1B009BA100D7F5A0 /* ZSSundo@2x.png */ = {isa = PBXFileReference; lastKnownFileType = image.png; path = "ZSSundo@2x.png"; sourceTree = "<group>"; };
		7AAAD93E1B009BA100D7F5A0 /* ZSSunlink.png */ = {isa = PBXFileReference; lastKnownFileType = image.png; path = ZSSunlink.png; sourceTree = "<group>"; };
		7AAAD93F1B009BA100D7F5A0 /* ZSSunlink@2x.png */ = {isa = PBXFileReference; lastKnownFileType = image.png; path = "ZSSunlink@2x.png"; sourceTree = "<group>"; };
		7AAAD9401B009BA100D7F5A0 /* ZSSunorderedlist.png */ = {isa = PBXFileReference; lastKnownFileType = image.png; path = ZSSunorderedlist.png; sourceTree = "<group>"; };
		7AAAD9411B009BA100D7F5A0 /* ZSSunorderedlist@2x.png */ = {isa = PBXFileReference; lastKnownFileType = image.png; path = "ZSSunorderedlist@2x.png"; sourceTree = "<group>"; };
		7AAAD9421B009BA100D7F5A0 /* ZSSviewsource.png */ = {isa = PBXFileReference; lastKnownFileType = image.png; path = ZSSviewsource.png; sourceTree = "<group>"; };
		7AAAD9431B009BA100D7F5A0 /* ZSSviewsource@2x.png */ = {isa = PBXFileReference; lastKnownFileType = image.png; path = "ZSSviewsource@2x.png"; sourceTree = "<group>"; };
/* End PBXFileReference section */

/* Begin PBXFrameworksBuildPhase section */
		4581EB79184845790048CAB0 /* Frameworks */ = {
			isa = PBXFrameworksBuildPhase;
			buildActionMask = 2147483647;
			files = (
				4581EB82184845790048CAB0 /* CoreGraphics.framework in Frameworks */,
				4581EB84184845790048CAB0 /* UIKit.framework in Frameworks */,
				4581EB80184845790048CAB0 /* Foundation.framework in Frameworks */,
			);
			runOnlyForDeploymentPostprocessing = 0;
		};
/* End PBXFrameworksBuildPhase section */

/* Begin PBXGroup section */
		4581EB73184845780048CAB0 = {
			isa = PBXGroup;
			children = (
				7A4D215B1B0056A100B04D5C /* ZSRichTextEditor */,
				23065BF41A06BA67001BA0B0 /* Images.xcassets */,
				4581EB85184845790048CAB0 /* Demo */,
				4581EB7E184845790048CAB0 /* Frameworks */,
				4581EB7D184845790048CAB0 /* Products */,
			);
			sourceTree = "<group>";
		};
		4581EB7D184845790048CAB0 /* Products */ = {
			isa = PBXGroup;
			children = (
				4581EB7C184845790048CAB0 /* ZSSRichTextEditor.app */,
			);
			name = Products;
			sourceTree = "<group>";
		};
		4581EB7E184845790048CAB0 /* Frameworks */ = {
			isa = PBXGroup;
			children = (
				4581EBAE1848459F0048CAB0 /* CoreText.framework */,
				4581EB7F184845790048CAB0 /* Foundation.framework */,
				4581EB81184845790048CAB0 /* CoreGraphics.framework */,
				4581EB83184845790048CAB0 /* UIKit.framework */,
				4581EB981848457A0048CAB0 /* XCTest.framework */,
			);
			name = Frameworks;
			sourceTree = "<group>";
		};
		4581EB85184845790048CAB0 /* Demo */ = {
			isa = PBXGroup;
			children = (
				7AAAD8FB1B009BA100D7F5A0 /* Images */,
				4581EB861848457A0048CAB0 /* Supporting Files */,
				7AAAD8641B007D9C00D7F5A0 /* CSEditorViewController.h */,
				7AAAD8651B007D9C00D7F5A0 /* CSEditorViewController.m */,
				7AAAD8671B00881F00D7F5A0 /* CSEditorToobarHolder.h */,
				7AAAD8681B00881F00D7F5A0 /* CSEditorToobarHolder.m */,
			);
			name = Demo;
			path = ZSSRichTextEditor;
			sourceTree = "<group>";
		};
		4581EB861848457A0048CAB0 /* Supporting Files */ = {
			isa = PBXGroup;
			children = (
				4581EB8E1848457A0048CAB0 /* ZSSAppDelegate.h */,
				4581EB8F1848457A0048CAB0 /* ZSSAppDelegate.m */,
				2314CB9D198F4CEC00A126F6 /* 76.png */,
				2314CB9E198F4CEC00A126F6 /* 120.png */,
				2314CB9F198F4CEC00A126F6 /* 152.png */,
				45E38AB518AC3AA70079C928 /* Default-568h@2x.png */,
				456285B1184D55D800B6168E /* Icon@2x.png */,
				4581EB871848457A0048CAB0 /* ZSSRichTextEditor-Info.plist */,
				4581EB881848457A0048CAB0 /* InfoPlist.strings */,
				4581EB8B1848457A0048CAB0 /* main.m */,
				4581EB8D1848457A0048CAB0 /* ZSSRichTextEditor-Prefix.pch */,
			);
			name = "Supporting Files";
			sourceTree = "<group>";
		};
		7A4D215B1B0056A100B04D5C /* ZSRichTextEditor */ = {
			isa = PBXGroup;
			children = (
				7A4D215C1B0056A100B04D5C /* Html */,
				7A4D21A81B0056A100B04D5C /* Third Party */,
				7A4D21BE1B0056A100B04D5C /* ZSSBarButtonItem.h */,
				7A4D21BF1B0056A100B04D5C /* ZSSBarButtonItem.m */,
				7A4D21C01B0056A100B04D5C /* ZSSRichTextEditor.h */,
				7A4D21C11B0056A100B04D5C /* ZSSRichTextEditor.m */,
				7A4D21C21B0056A100B04D5C /* ZSSTextView.h */,
				7A4D21C31B0056A100B04D5C /* ZSSTextView.m */,
				7A4D221B1B00572800B04D5C /* UIWebView+GUIFixes.h */,
				7A4D221C1B00572800B04D5C /* UIWebView+GUIFixes.m */,
			);
			name = ZSRichTextEditor;
			path = ZSSRichTextEditor/ZSRichTextEditor;
			sourceTree = "<group>";
		};
		7A4D215C1B0056A100B04D5C /* Html */ = {
			isa = PBXGroup;
			children = (
				7A4D215D1B0056A100B04D5C /* editor.html */,
				7A4D215E1B0056A100B04D5C /* ZSSRichTextEditor.js */,
			);
			path = Html;
			sourceTree = "<group>";
		};
		7A4D21A81B0056A100B04D5C /* Third Party */ = {
			isa = PBXGroup;
			children = (
				7A4D21A91B0056A100B04D5C /* CYRLayoutManager.h */,
				7A4D21AA1B0056A100B04D5C /* CYRLayoutManager.m */,
				7A4D21AB1B0056A100B04D5C /* CYRTextStorage.h */,
				7A4D21AC1B0056A100B04D5C /* CYRTextStorage.m */,
				7A4D21AD1B0056A100B04D5C /* CYRTextView.h */,
				7A4D21AE1B0056A100B04D5C /* CYRTextView.m */,
				7A4D21AF1B0056A100B04D5C /* CYRToken.h */,
				7A4D21B01B0056A100B04D5C /* CYRToken.m */,
				7A4D21B11B0056A100B04D5C /* HRBrightnessCursor.h */,
				7A4D21B21B0056A100B04D5C /* HRBrightnessCursor.m */,
				7A4D21B31B0056A100B04D5C /* HRCgUtil.h */,
				7A4D21B41B0056A100B04D5C /* HRCgUtil.m */,
				7A4D21B51B0056A100B04D5C /* HRColorCursor.h */,
				7A4D21B61B0056A100B04D5C /* HRColorCursor.m */,
				7A4D21B71B0056A100B04D5C /* HRColorPickerMacros.h */,
				7A4D21B81B0056A100B04D5C /* HRColorPickerView.h */,
				7A4D21B91B0056A100B04D5C /* HRColorPickerView.m */,
				7A4D21BA1B0056A100B04D5C /* HRColorPickerViewController.h */,
				7A4D21BB1B0056A100B04D5C /* HRColorPickerViewController.m */,
				7A4D21BC1B0056A100B04D5C /* HRColorUtil.h */,
				7A4D21BD1B0056A100B04D5C /* HRColorUtil.m */,
			);
			path = "Third Party";
			sourceTree = "<group>";
		};
		7AAAD8FB1B009BA100D7F5A0 /* Images */ = {
			isa = PBXGroup;
			children = (
				7AAAD8FC1B009BA100D7F5A0 /* ZSSbgcolor.png */,
				7AAAD8FD1B009BA100D7F5A0 /* ZSSbgcolor@2x.png */,
				7AAAD8FE1B009BA100D7F5A0 /* ZSSbold.png */,
				7AAAD8FF1B009BA100D7F5A0 /* ZSSbold@2x.png */,
				7AAAD9001B009BA100D7F5A0 /* ZSScenterjustify.png */,
				7AAAD9011B009BA100D7F5A0 /* ZSScenterjustify@2x.png */,
				7AAAD9021B009BA100D7F5A0 /* ZSSclearstyle.png */,
				7AAAD9031B009BA100D7F5A0 /* ZSSclearstyle@2x.png */,
				7AAAD9041B009BA100D7F5A0 /* ZSSforcejustify.png */,
				7AAAD9051B009BA100D7F5A0 /* ZSSforcejustify@2x.png */,
				7AAAD9061B009BA100D7F5A0 /* ZSSh1.png */,
				7AAAD9071B009BA100D7F5A0 /* ZSSh1@2x.png */,
				7AAAD9081B009BA100D7F5A0 /* ZSSh2.png */,
				7AAAD9091B009BA100D7F5A0 /* ZSSh2@2x.png */,
				7AAAD90A1B009BA100D7F5A0 /* ZSSh3.png */,
				7AAAD90B1B009BA100D7F5A0 /* ZSSh3@2x.png */,
				7AAAD90C1B009BA100D7F5A0 /* ZSSh4.png */,
				7AAAD90D1B009BA100D7F5A0 /* ZSSh4@2x.png */,
				7AAAD90E1B009BA100D7F5A0 /* ZSSh5.png */,
				7AAAD90F1B009BA100D7F5A0 /* ZSSh5@2x.png */,
				7AAAD9101B009BA100D7F5A0 /* ZSSh6.png */,
				7AAAD9111B009BA100D7F5A0 /* ZSSh6@2x.png */,
				7AAAD9121B009BA100D7F5A0 /* ZSShorizontalrule.png */,
				7AAAD9131B009BA100D7F5A0 /* ZSShorizontalrule@2x.png */,
				7AAAD9141B009BA100D7F5A0 /* ZSSimage.png */,
				7AAAD9151B009BA100D7F5A0 /* ZSSimage@2x.png */,
				7AAAD9161B009BA100D7F5A0 /* ZSSindent.png */,
				7AAAD9171B009BA100D7F5A0 /* ZSSindent@2x.png */,
				7AAAD9181B009BA100D7F5A0 /* ZSSinsertkeyword.png */,
				7AAAD9191B009BA100D7F5A0 /* ZSSinsertkeyword@2x.png */,
				7AAAD91A1B009BA100D7F5A0 /* ZSSitalic.png */,
				7AAAD91B1B009BA100D7F5A0 /* ZSSitalic@2x.png */,
				7AAAD91C1B009BA100D7F5A0 /* ZSSkeyboard.png */,
				7AAAD91D1B009BA100D7F5A0 /* ZSSkeyboard@2x.png */,
				7AAAD91E1B009BA100D7F5A0 /* ZSSleftjustify.png */,
				7AAAD91F1B009BA100D7F5A0 /* ZSSleftjustify@2x.png */,
				7AAAD9201B009BA100D7F5A0 /* ZSSlink.png */,
				7AAAD9211B009BA100D7F5A0 /* ZSSlink@2x.png */,
				7AAAD9221B009BA100D7F5A0 /* ZSSorderedlist.png */,
				7AAAD9231B009BA100D7F5A0 /* ZSSorderedlist@2x.png */,
				7AAAD9241B009BA100D7F5A0 /* ZSSoutdent.png */,
				7AAAD9251B009BA100D7F5A0 /* ZSSoutdent@2x.png */,
				7AAAD9261B009BA100D7F5A0 /* ZSSparagraph.png */,
				7AAAD9271B009BA100D7F5A0 /* ZSSparagraph@2x.png */,
				7AAAD9281B009BA100D7F5A0 /* ZSSpicker.png */,
				7AAAD9291B009BA100D7F5A0 /* ZSSpicker@2x.png */,
				7AAAD92A1B009BA100D7F5A0 /* ZSSquicklink.png */,
				7AAAD92B1B009BA100D7F5A0 /* ZSSquicklink@2x.png */,
				7AAAD92C1B009BA100D7F5A0 /* ZSSredo.png */,
				7AAAD92D1B009BA100D7F5A0 /* ZSSredo@2x.png */,
				7AAAD92E1B009BA100D7F5A0 /* ZSSrightjustify.png */,
				7AAAD92F1B009BA100D7F5A0 /* ZSSrightjustify@2x.png */,
				7AAAD9301B009BA100D7F5A0 /* ZSSstrikethrough.png */,
				7AAAD9311B009BA100D7F5A0 /* ZSSstrikethrough@2x.png */,
				7AAAD9321B009BA100D7F5A0 /* ZSSsubscript.png */,
				7AAAD9331B009BA100D7F5A0 /* ZSSsubscript@2x.png */,
				7AAAD9341B009BA100D7F5A0 /* ZSSsuperscript.png */,
				7AAAD9351B009BA100D7F5A0 /* ZSSsuperscript@2x.png */,
				7AAAD9361B009BA100D7F5A0 /* ZSStable.png */,
				7AAAD9371B009BA100D7F5A0 /* ZSStable@2x.png */,
				7AAAD9381B009BA100D7F5A0 /* ZSStextcolor.png */,
				7AAAD9391B009BA100D7F5A0 /* ZSStextcolor@2x.png */,
				7AAAD93A1B009BA100D7F5A0 /* ZSSunderline.png */,
				7AAAD93B1B009BA100D7F5A0 /* ZSSunderline@2x.png */,
				7AAAD93C1B009BA100D7F5A0 /* ZSSundo.png */,
				7AAAD93D1B009BA100D7F5A0 /* ZSSundo@2x.png */,
				7AAAD93E1B009BA100D7F5A0 /* ZSSunlink.png */,
				7AAAD93F1B009BA100D7F5A0 /* ZSSunlink@2x.png */,
				7AAAD9401B009BA100D7F5A0 /* ZSSunorderedlist.png */,
				7AAAD9411B009BA100D7F5A0 /* ZSSunorderedlist@2x.png */,
				7AAAD9421B009BA100D7F5A0 /* ZSSviewsource.png */,
				7AAAD9431B009BA100D7F5A0 /* ZSSviewsource@2x.png */,
			);
			path = Images;
			sourceTree = "<group>";
		};
/* End PBXGroup section */

/* Begin PBXNativeTarget section */
		4581EB7B184845790048CAB0 /* ZSSRichTextEditor */ = {
			isa = PBXNativeTarget;
			buildConfigurationList = 4581EBA81848457C0048CAB0 /* Build configuration list for PBXNativeTarget "ZSSRichTextEditor" */;
			buildPhases = (
				4581EB78184845790048CAB0 /* Sources */,
				4581EB79184845790048CAB0 /* Frameworks */,
				4581EB7A184845790048CAB0 /* Resources */,
			);
			buildRules = (
			);
			dependencies = (
			);
			name = ZSSRichTextEditor;
			productName = ZSSRichTextEditor;
			productReference = 4581EB7C184845790048CAB0 /* ZSSRichTextEditor.app */;
			productType = "com.apple.product-type.application";
		};
/* End PBXNativeTarget section */

/* Begin PBXProject section */
		4581EB74184845790048CAB0 /* Project object */ = {
			isa = PBXProject;
			attributes = {
				CLASSPREFIX = ZSS;
				LastUpgradeCheck = 0500;
				ORGANIZATIONNAME = "Zed Said Studio";
				TargetAttributes = {
					4581EB7B184845790048CAB0 = {
						DevelopmentTeam = W5MUA6S7P7;
					};
				};
			};
			buildConfigurationList = 4581EB77184845790048CAB0 /* Build configuration list for PBXProject "ZSSRichTextEditor" */;
			compatibilityVersion = "Xcode 3.2";
			developmentRegion = English;
			hasScannedForEncodings = 0;
			knownRegions = (
				en,
			);
			mainGroup = 4581EB73184845780048CAB0;
			productRefGroup = 4581EB7D184845790048CAB0 /* Products */;
			projectDirPath = "";
			projectRoot = "";
			targets = (
				4581EB7B184845790048CAB0 /* ZSSRichTextEditor */,
			);
		};
/* End PBXProject section */

/* Begin PBXResourcesBuildPhase section */
		4581EB7A184845790048CAB0 /* Resources */ = {
			isa = PBXResourcesBuildPhase;
			buildActionMask = 2147483647;
			files = (
				7AAAD9831B009BA100D7F5A0 /* ZSSunderline@2x.png in Resources */,
				7AAAD95B1B009BA100D7F5A0 /* ZSShorizontalrule@2x.png in Resources */,
				7AAAD9691B009BA100D7F5A0 /* ZSSlink@2x.png in Resources */,
				7AAAD9541B009BA100D7F5A0 /* ZSSh4.png in Resources */,
				7AAAD95E1B009BA100D7F5A0 /* ZSSindent.png in Resources */,
				7AAAD9531B009BA100D7F5A0 /* ZSSh3@2x.png in Resources */,
				7A4D21C51B0056A100B04D5C /* ZSSRichTextEditor.js in Resources */,
				7AAAD9731B009BA100D7F5A0 /* ZSSquicklink@2x.png in Resources */,
				7AAAD9571B009BA100D7F5A0 /* ZSSh5@2x.png in Resources */,
				7AAAD9681B009BA100D7F5A0 /* ZSSlink.png in Resources */,
				456285B2184D55D800B6168E /* Icon@2x.png in Resources */,
				7AAAD9781B009BA100D7F5A0 /* ZSSstrikethrough.png in Resources */,
				7AAAD9751B009BA100D7F5A0 /* ZSSredo@2x.png in Resources */,
				7AAAD96E1B009BA100D7F5A0 /* ZSSparagraph.png in Resources */,
				7AAAD98B1B009BA100D7F5A0 /* ZSSviewsource@2x.png in Resources */,
				2314CBA0198F4CEC00A126F6 /* 76.png in Resources */,
				7AAAD9631B009BA100D7F5A0 /* ZSSitalic@2x.png in Resources */,
				7AAAD94F1B009BA100D7F5A0 /* ZSSh1@2x.png in Resources */,
				4581EB8A1848457A0048CAB0 /* InfoPlist.strings in Resources */,
				7AAAD9511B009BA100D7F5A0 /* ZSSh2@2x.png in Resources */,
				7AAAD94D1B009BA100D7F5A0 /* ZSSforcejustify@2x.png in Resources */,
				7AAAD95A1B009BA100D7F5A0 /* ZSShorizontalrule.png in Resources */,
				7AAAD9591B009BA100D7F5A0 /* ZSSh6@2x.png in Resources */,
				7AAAD9551B009BA100D7F5A0 /* ZSSh4@2x.png in Resources */,
				7AAAD9791B009BA100D7F5A0 /* ZSSstrikethrough@2x.png in Resources */,
				7AAAD97F1B009BA100D7F5A0 /* ZSStable@2x.png in Resources */,
				2314CBA2198F4CEC00A126F6 /* 152.png in Resources */,
				7AAAD9641B009BA100D7F5A0 /* ZSSkeyboard.png in Resources */,
				7AAAD9581B009BA100D7F5A0 /* ZSSh6.png in Resources */,
				23065BF51A06BA67001BA0B0 /* Images.xcassets in Resources */,
				7AAAD9481B009BA100D7F5A0 /* ZSScenterjustify.png in Resources */,
				7AAAD9471B009BA100D7F5A0 /* ZSSbold@2x.png in Resources */,
				7A4D21C41B0056A100B04D5C /* editor.html in Resources */,
				7AAAD98A1B009BA100D7F5A0 /* ZSSviewsource.png in Resources */,
				7AAAD95C1B009BA100D7F5A0 /* ZSSimage.png in Resources */,
				7AAAD9741B009BA100D7F5A0 /* ZSSredo.png in Resources */,
				7AAAD96B1B009BA100D7F5A0 /* ZSSorderedlist@2x.png in Resources */,
				7AAAD94C1B009BA100D7F5A0 /* ZSSforcejustify.png in Resources */,
				7AAAD97A1B009BA100D7F5A0 /* ZSSsubscript.png in Resources */,
				7AAAD95F1B009BA100D7F5A0 /* ZSSindent@2x.png in Resources */,
				7AAAD9801B009BA100D7F5A0 /* ZSStextcolor.png in Resources */,
				7AAAD9661B009BA100D7F5A0 /* ZSSleftjustify.png in Resources */,
				7AAAD9841B009BA100D7F5A0 /* ZSSundo.png in Resources */,
				7AAAD9441B009BA100D7F5A0 /* ZSSbgcolor.png in Resources */,
				7AAAD96F1B009BA100D7F5A0 /* ZSSparagraph@2x.png in Resources */,
				7AAAD9891B009BA100D7F5A0 /* ZSSunorderedlist@2x.png in Resources */,
				7AAAD9601B009BA100D7F5A0 /* ZSSinsertkeyword.png in Resources */,
				7AAAD94B1B009BA100D7F5A0 /* ZSSclearstyle@2x.png in Resources */,
				7AAAD9761B009BA100D7F5A0 /* ZSSrightjustify.png in Resources */,
				7AAAD9651B009BA100D7F5A0 /* ZSSkeyboard@2x.png in Resources */,
				7AAAD9521B009BA100D7F5A0 /* ZSSh3.png in Resources */,
				7AAAD9491B009BA100D7F5A0 /* ZSScenterjustify@2x.png in Resources */,
				7AAAD9881B009BA100D7F5A0 /* ZSSunorderedlist.png in Resources */,
				7AAAD9861B009BA100D7F5A0 /* ZSSunlink.png in Resources */,
				7AAAD96C1B009BA100D7F5A0 /* ZSSoutdent.png in Resources */,
				7AAAD95D1B009BA100D7F5A0 /* ZSSimage@2x.png in Resources */,
				2314CBA1198F4CEC00A126F6 /* 120.png in Resources */,
				7AAAD9561B009BA100D7F5A0 /* ZSSh5.png in Resources */,
				7AAAD96D1B009BA100D7F5A0 /* ZSSoutdent@2x.png in Resources */,
				7AAAD96A1B009BA100D7F5A0 /* ZSSorderedlist.png in Resources */,
				7AAAD94A1B009BA100D7F5A0 /* ZSSclearstyle.png in Resources */,
				7AAAD9851B009BA100D7F5A0 /* ZSSundo@2x.png in Resources */,
				7AAAD9671B009BA100D7F5A0 /* ZSSleftjustify@2x.png in Resources */,
				7AAAD97C1B009BA100D7F5A0 /* ZSSsuperscript.png in Resources */,
				7AAAD9721B009BA100D7F5A0 /* ZSSquicklink.png in Resources */,
				7AAAD9811B009BA100D7F5A0 /* ZSStextcolor@2x.png in Resources */,
				7AAAD9611B009BA100D7F5A0 /* ZSSinsertkeyword@2x.png in Resources */,
				7AAAD9451B009BA100D7F5A0 /* ZSSbgcolor@2x.png in Resources */,
				7AAAD97D1B009BA100D7F5A0 /* ZSSsuperscript@2x.png in Resources */,
				7AAAD9701B009BA100D7F5A0 /* ZSSpicker.png in Resources */,
				7AAAD9501B009BA100D7F5A0 /* ZSSh2.png in Resources */,
				7AAAD97B1B009BA100D7F5A0 /* ZSSsubscript@2x.png in Resources */,
				7AAAD94E1B009BA100D7F5A0 /* ZSSh1.png in Resources */,
				7AAAD9821B009BA100D7F5A0 /* ZSSunderline.png in Resources */,
				45E38AB618AC3AA70079C928 /* Default-568h@2x.png in Resources */,
				7AAAD97E1B009BA100D7F5A0 /* ZSStable.png in Resources */,
				7AAAD9771B009BA100D7F5A0 /* ZSSrightjustify@2x.png in Resources */,
				7AAAD9621B009BA100D7F5A0 /* ZSSitalic.png in Resources */,
				7AAAD9711B009BA100D7F5A0 /* ZSSpicker@2x.png in Resources */,
				7AAAD9871B009BA100D7F5A0 /* ZSSunlink@2x.png in Resources */,
				7AAAD9461B009BA100D7F5A0 /* ZSSbold.png in Resources */,
			);
			runOnlyForDeploymentPostprocessing = 0;
		};
/* End PBXResourcesBuildPhase section */

/* Begin PBXSourcesBuildPhase section */
		4581EB78184845790048CAB0 /* Sources */ = {
			isa = PBXSourcesBuildPhase;
			buildActionMask = 2147483647;
			files = (
				7A4D22171B0056A200B04D5C /* HRColorUtil.m in Sources */,
				7A4D221D1B00572800B04D5C /* UIWebView+GUIFixes.m in Sources */,
				4581EB8C1848457A0048CAB0 /* main.m in Sources */,
				7A4D22121B0056A200B04D5C /* HRBrightnessCursor.m in Sources */,
				7A4D221A1B0056A200B04D5C /* ZSSTextView.m in Sources */,
				7A4D22131B0056A200B04D5C /* HRCgUtil.m in Sources */,
				7AAAD8691B00881F00D7F5A0 /* CSEditorToobarHolder.m in Sources */,
				7A4D220E1B0056A200B04D5C /* CYRLayoutManager.m in Sources */,
				7AAAD8661B007D9C00D7F5A0 /* CSEditorViewController.m in Sources */,
				7A4D22191B0056A200B04D5C /* ZSSRichTextEditor.m in Sources */,
				7A4D22101B0056A200B04D5C /* CYRTextView.m in Sources */,
				7A4D220F1B0056A200B04D5C /* CYRTextStorage.m in Sources */,
				7A4D22141B0056A200B04D5C /* HRColorCursor.m in Sources */,
				7A4D22181B0056A200B04D5C /* ZSSBarButtonItem.m in Sources */,
				4581EB901848457A0048CAB0 /* ZSSAppDelegate.m in Sources */,
				7A4D22161B0056A200B04D5C /* HRColorPickerViewController.m in Sources */,
				7A4D22111B0056A200B04D5C /* CYRToken.m in Sources */,
				7A4D22151B0056A200B04D5C /* HRColorPickerView.m in Sources */,
			);
			runOnlyForDeploymentPostprocessing = 0;
		};
/* End PBXSourcesBuildPhase section */

/* Begin PBXVariantGroup section */
		4581EB881848457A0048CAB0 /* InfoPlist.strings */ = {
			isa = PBXVariantGroup;
			children = (
				4581EB891848457A0048CAB0 /* en */,
			);
			name = InfoPlist.strings;
			sourceTree = "<group>";
		};
/* End PBXVariantGroup section */

/* Begin XCBuildConfiguration section */
		23013BC4198C30A600C55598 /* Adhoc */ = {
			isa = XCBuildConfiguration;
			buildSettings = {
				ALWAYS_SEARCH_USER_PATHS = NO;
				ARCHS = "$(ARCHS_STANDARD_INCLUDING_64_BIT)";
				CLANG_CXX_LANGUAGE_STANDARD = "gnu++0x";
				CLANG_CXX_LIBRARY = "libc++";
				CLANG_ENABLE_MODULES = YES;
				CLANG_ENABLE_OBJC_ARC = YES;
				CLANG_WARN_BOOL_CONVERSION = YES;
				CLANG_WARN_CONSTANT_CONVERSION = YES;
				CLANG_WARN_DIRECT_OBJC_ISA_USAGE = YES_ERROR;
				CLANG_WARN_EMPTY_BODY = YES;
				CLANG_WARN_ENUM_CONVERSION = YES;
				CLANG_WARN_INT_CONVERSION = YES;
				CLANG_WARN_OBJC_ROOT_CLASS = YES_ERROR;
				CLANG_WARN__DUPLICATE_METHOD_MATCH = YES;
				"CODE_SIGN_IDENTITY[sdk=iphoneos*]" = "iPhone Developer";
				COPY_PHASE_STRIP = YES;
				ENABLE_NS_ASSERTIONS = NO;
				GCC_C_LANGUAGE_STANDARD = gnu99;
				GCC_WARN_64_TO_32_BIT_CONVERSION = YES;
				GCC_WARN_ABOUT_RETURN_TYPE = YES_ERROR;
				GCC_WARN_UNDECLARED_SELECTOR = YES;
				GCC_WARN_UNINITIALIZED_AUTOS = YES;
				GCC_WARN_UNUSED_FUNCTION = YES;
				GCC_WARN_UNUSED_VARIABLE = YES;
				IPHONEOS_DEPLOYMENT_TARGET = 7.0;
				SDKROOT = iphoneos;
				TARGETED_DEVICE_FAMILY = "1,2";
				VALIDATE_PRODUCT = YES;
			};
			name = Adhoc;
		};
		23013BC5198C30A600C55598 /* Adhoc */ = {
			isa = XCBuildConfiguration;
			buildSettings = {
				ASSETCATALOG_COMPILER_APPICON_NAME = AppIcon;
				ASSETCATALOG_COMPILER_LAUNCHIMAGE_NAME = LaunchImage;
				CODE_SIGN_IDENTITY = "iPhone Distribution: Nicholas Hubbard (W5MUA6S7P7)";
				"CODE_SIGN_IDENTITY[sdk=iphoneos*]" = "iPhone Developer";
				GCC_PRECOMPILE_PREFIX_HEADER = YES;
				GCC_PREFIX_HEADER = "ZSSRichTextEditor/ZSSRichTextEditor-Prefix.pch";
				INFOPLIST_FILE = "ZSSRichTextEditor/ZSSRichTextEditor-Info.plist";
				IPHONEOS_DEPLOYMENT_TARGET = 7.0;
				PRODUCT_NAME = ZSSRichTextEditor;
				PROVISIONING_PROFILE = "A101C649-760C-4D35-A7F9-B98015D89A34";
				WRAPPER_EXTENSION = app;
			};
			name = Adhoc;
		};
		4581EBA61848457C0048CAB0 /* Debug */ = {
			isa = XCBuildConfiguration;
			buildSettings = {
				ALWAYS_SEARCH_USER_PATHS = NO;
				ARCHS = "$(ARCHS_STANDARD_INCLUDING_64_BIT)";
				CLANG_CXX_LANGUAGE_STANDARD = "gnu++0x";
				CLANG_CXX_LIBRARY = "libc++";
				CLANG_ENABLE_MODULES = YES;
				CLANG_ENABLE_OBJC_ARC = YES;
				CLANG_WARN_BOOL_CONVERSION = YES;
				CLANG_WARN_CONSTANT_CONVERSION = YES;
				CLANG_WARN_DIRECT_OBJC_ISA_USAGE = YES_ERROR;
				CLANG_WARN_EMPTY_BODY = YES;
				CLANG_WARN_ENUM_CONVERSION = YES;
				CLANG_WARN_INT_CONVERSION = YES;
				CLANG_WARN_OBJC_ROOT_CLASS = YES_ERROR;
				CLANG_WARN__DUPLICATE_METHOD_MATCH = YES;
				"CODE_SIGN_IDENTITY[sdk=iphoneos*]" = "iPhone Developer";
				COPY_PHASE_STRIP = NO;
				GCC_C_LANGUAGE_STANDARD = gnu99;
				GCC_DYNAMIC_NO_PIC = NO;
				GCC_OPTIMIZATION_LEVEL = 0;
				GCC_PREPROCESSOR_DEFINITIONS = (
					"DEBUG=1",
					"$(inherited)",
				);
				GCC_SYMBOLS_PRIVATE_EXTERN = NO;
				GCC_WARN_64_TO_32_BIT_CONVERSION = YES;
				GCC_WARN_ABOUT_RETURN_TYPE = YES_ERROR;
				GCC_WARN_UNDECLARED_SELECTOR = YES;
				GCC_WARN_UNINITIALIZED_AUTOS = YES;
				GCC_WARN_UNUSED_FUNCTION = YES;
				GCC_WARN_UNUSED_VARIABLE = YES;
				IPHONEOS_DEPLOYMENT_TARGET = 7.0;
				ONLY_ACTIVE_ARCH = YES;
				SDKROOT = iphoneos;
				TARGETED_DEVICE_FAMILY = "1,2";
			};
			name = Debug;
		};
		4581EBA71848457C0048CAB0 /* Release */ = {
			isa = XCBuildConfiguration;
			buildSettings = {
				ALWAYS_SEARCH_USER_PATHS = NO;
				ARCHS = "$(ARCHS_STANDARD_INCLUDING_64_BIT)";
				CLANG_CXX_LANGUAGE_STANDARD = "gnu++0x";
				CLANG_CXX_LIBRARY = "libc++";
				CLANG_ENABLE_MODULES = YES;
				CLANG_ENABLE_OBJC_ARC = YES;
				CLANG_WARN_BOOL_CONVERSION = YES;
				CLANG_WARN_CONSTANT_CONVERSION = YES;
				CLANG_WARN_DIRECT_OBJC_ISA_USAGE = YES_ERROR;
				CLANG_WARN_EMPTY_BODY = YES;
				CLANG_WARN_ENUM_CONVERSION = YES;
				CLANG_WARN_INT_CONVERSION = YES;
				CLANG_WARN_OBJC_ROOT_CLASS = YES_ERROR;
				CLANG_WARN__DUPLICATE_METHOD_MATCH = YES;
				"CODE_SIGN_IDENTITY[sdk=iphoneos*]" = "iPhone Developer";
				COPY_PHASE_STRIP = YES;
				ENABLE_NS_ASSERTIONS = NO;
				GCC_C_LANGUAGE_STANDARD = gnu99;
				GCC_WARN_64_TO_32_BIT_CONVERSION = YES;
				GCC_WARN_ABOUT_RETURN_TYPE = YES_ERROR;
				GCC_WARN_UNDECLARED_SELECTOR = YES;
				GCC_WARN_UNINITIALIZED_AUTOS = YES;
				GCC_WARN_UNUSED_FUNCTION = YES;
				GCC_WARN_UNUSED_VARIABLE = YES;
				IPHONEOS_DEPLOYMENT_TARGET = 7.0;
				SDKROOT = iphoneos;
				TARGETED_DEVICE_FAMILY = "1,2";
				VALIDATE_PRODUCT = YES;
			};
			name = Release;
		};
		4581EBA91848457C0048CAB0 /* Debug */ = {
			isa = XCBuildConfiguration;
			buildSettings = {
				ASSETCATALOG_COMPILER_APPICON_NAME = AppIcon;
				ASSETCATALOG_COMPILER_LAUNCHIMAGE_NAME = LaunchImage;
				CODE_SIGN_IDENTITY = "iPhone Developer";
				"CODE_SIGN_IDENTITY[sdk=iphoneos*]" = "iPhone Developer";
				GCC_PRECOMPILE_PREFIX_HEADER = YES;
				GCC_PREFIX_HEADER = "ZSSRichTextEditor/ZSSRichTextEditor-Prefix.pch";
				INFOPLIST_FILE = "ZSSRichTextEditor/ZSSRichTextEditor-Info.plist";
				IPHONEOS_DEPLOYMENT_TARGET = 7.0;
				PRODUCT_NAME = ZSSRichTextEditor;
				PROVISIONING_PROFILE = "";
				WRAPPER_EXTENSION = app;
			};
			name = Debug;
		};
		4581EBAA1848457C0048CAB0 /* Release */ = {
			isa = XCBuildConfiguration;
			buildSettings = {
				ASSETCATALOG_COMPILER_APPICON_NAME = AppIcon;
				ASSETCATALOG_COMPILER_LAUNCHIMAGE_NAME = LaunchImage;
				CODE_SIGN_IDENTITY = "iPhone Distribution: Nicholas Hubbard (W5MUA6S7P7)";
				"CODE_SIGN_IDENTITY[sdk=iphoneos*]" = "iPhone Developer";
				GCC_PRECOMPILE_PREFIX_HEADER = YES;
				GCC_PREFIX_HEADER = "ZSSRichTextEditor/ZSSRichTextEditor-Prefix.pch";
				INFOPLIST_FILE = "ZSSRichTextEditor/ZSSRichTextEditor-Info.plist";
				IPHONEOS_DEPLOYMENT_TARGET = 7.0;
				PRODUCT_NAME = ZSSRichTextEditor;
				PROVISIONING_PROFILE = "5E1FEC95-664C-4402-9258-48803C16F896";
				WRAPPER_EXTENSION = app;
			};
			name = Release;
		};
/* End XCBuildConfiguration section */

/* Begin XCConfigurationList section */
		4581EB77184845790048CAB0 /* Build configuration list for PBXProject "ZSSRichTextEditor" */ = {
			isa = XCConfigurationList;
			buildConfigurations = (
				4581EBA61848457C0048CAB0 /* Debug */,
				4581EBA71848457C0048CAB0 /* Release */,
				23013BC4198C30A600C55598 /* Adhoc */,
			);
			defaultConfigurationIsVisible = 0;
			defaultConfigurationName = Release;
		};
		4581EBA81848457C0048CAB0 /* Build configuration list for PBXNativeTarget "ZSSRichTextEditor" */ = {
			isa = XCConfigurationList;
			buildConfigurations = (
				4581EBA91848457C0048CAB0 /* Debug */,
				4581EBAA1848457C0048CAB0 /* Release */,
				23013BC5198C30A600C55598 /* Adhoc */,
			);
			defaultConfigurationIsVisible = 0;
			defaultConfigurationName = Release;
		};
/* End XCConfigurationList section */
	};
	rootObject = 4581EB74184845790048CAB0 /* Project object */;
}
